hash: 89f5712aae4306252b5bc07d03faf039930b94e94ab055cd7910b83403979130
updated: 2016-05-27T10:48:45.413244166-06:00
imports:
- name: github.com/arschles/assert
  version: 5c22e2eba944d89ddd5c81b2c4175e64ee828503
- name: github.com/arschles/sys
  version: 8b5b83f3e61dcad5f1012c4b3ae5db14c05f14a2
- name: github.com/asaskevich/govalidator
  version: 37d5f827499d1c346df42f2ad7fcb7f453833a57
- name: github.com/codegangsta/cli
  version: 75b97d09d9f5792ff997e249a330a3ca28f8b537
- name: github.com/coreos/go-quay
  version: 41f1055f50e0dca3e437992c45e81be45399bffc
  subpackages:
  - quay
  - quay/tag
  - quay/billing
  - quay/build
  - quay/discovery
  - quay/error
  - quay/image
  - quay/logs
  - quay/organization
  - quay/permission
  - quay/prototype
  - quay/repository
  - quay/repositorynotification
  - quay/repotoken
  - quay/robot
  - quay/search
  - quay/secscan
  - quay/team
  - quay/trigger
  - quay/user
  - models
- name: github.com/docker/distribution
  version: 9ca7921603852314b18a6ecc19f91806935f34bd
  subpackages:
  - digest
  - manifest
- name: github.com/docker/docker
  version: 59311faaed4e3384fc8da738a57a25f17ae07e05
  subpackages:
  - pkg/tarsum
- name: github.com/docker/libtrust
  version: 9cbd2a1374f46905c68a4eb3694a130610adc62a
- name: github.com/go-openapi/analysis
  version: 5a8fe2138f95138797c306c07e65e759c55f898f
- name: github.com/go-openapi/errors
  version: 8a4ac38004d8cdb96dac7bece88034dd3d94493f
- name: github.com/go-openapi/jsonpointer
  version: f5133566e18f23f2085d953998fd72959b698623
- name: github.com/go-openapi/jsonreference
  version: 44d0c05f81b60f99eeb8c188b8983ec82e5d872f
- name: github.com/go-openapi/loads
  version: 3a4490f96e6ea1ba7d66602e70ffca0fc26aa6ca
- name: github.com/go-openapi/runtime
  version: 2c5be669b936d7250fa464dcbebabb69cb44f1e1
  subpackages:
  - client
- name: github.com/go-openapi/spec
  version: 1f40fcb077ed32379da3eeb494f76fb2285e31b8
- name: github.com/go-openapi/strfmt
  version: 66a99d45c3043d45d346b1c8db5dc2f76a004869
- name: github.com/go-openapi/swag
  version: f8ab07bb33bb43a743eb65daf0588ab522e5160f
- name: github.com/go-openapi/validate
  version: f9db1b89d08ead629cde1e6cab275c329fe89bed
- name: github.com/go-swagger/go-swagger
  version: 22fa1bcb636c440cd976eb76b264478fc3ad260d
  subpackages:
  - cmd/swagger
- name: github.com/golang/protobuf
  version: 7cc19b78d562895b13596ddce7aafb59dd789318
  subpackages:
  - proto
- name: github.com/google/go-github
  version: 842c551fdeae14c97c04ef490f601ae4d849a00c
  subpackages:
  - github
- name: github.com/google/go-querystring
  version: 9235644dd9e52eeae6fa48efd539fdc351a0af53
  subpackages:
  - query
- name: github.com/heroku/docker-registry-client
  version: ddbd05bac47f55e533a7ed124211ef7e076b0bf3
  subpackages:
  - registry
- name: github.com/opennota/urlesc
  version: 5fa9ff0392746aeae1c4b37fcc42c65afa7a9587
- name: github.com/PuerkitoBio/purell
  version: d69616f51cdfcd7514d6a380847a152dfc2a749d
- name: github.com/Sirupsen/logrus
  version: 418b41d23a1bf978c06faea5313ba194650ac088
- name: golang.org/x/net
  version: 35ec611a141ee705590b9eb64d673f9e6dfeb1ac
  subpackages:
  - context
  - context/ctxhttp
- name: golang.org/x/oauth2
  version: e86e2718db89775a4604abc10a5d3a5672e7336e
  subpackages:
  - internal
- name: google.golang.org/appengine
  version: e234e71924d4aa52444bc76f2f831f13fa1eca60
  subpackages:
  - urlfetch
  - internal
  - internal/urlfetch
  - internal/base
  - internal/datastore
  - internal/log
  - internal/remote_api
devImports: []
