hash: a3bf6a4abc90d31415892ff8484e76893bd2c188f944a0d5b4aa563391398593
updated: 2016-05-05T14:38:20.90346103-07:00
imports:
- name: github.com/codegangsta/cli
  version: 75b97d09d9f5792ff997e249a330a3ca28f8b537
- name: github.com/golang/protobuf
  version: 7cc19b78d562895b13596ddce7aafb59dd789318
  subpackages:
  - proto
- name: github.com/google/go-github
  version: 842c551fdeae14c97c04ef490f601ae4d849a00c
  subpackages:
  - github
- name: github.com/google/go-querystring
  version: 9235644dd9e52eeae6fa48efd539fdc351a0af53
  subpackages:
  - query
- name: golang.org/x/net
  version: 35ec611a141ee705590b9eb64d673f9e6dfeb1ac
  subpackages:
  - context
- name: golang.org/x/oauth2
  version: e86e2718db89775a4604abc10a5d3a5672e7336e
  subpackages:
  - internal
- name: google.golang.org/appengine
  version: e234e71924d4aa52444bc76f2f831f13fa1eca60
  subpackages:
  - urlfetch
  - internal
  - internal/urlfetch
  - internal/base
  - internal/datastore
  - internal/log
  - internal/remote_api
devImports: []
